
Microsoft Visual Studio Solution File, Format Version 12.00
# Visual Studio Version 17
VisualStudioVersion = 17.9.34728.123
MinimumVisualStudioVersion = 10.0.40219.1
Project("{9A19103F-16F7-4668-BE54-9A1E7A4F7556}") = "TasksApp", "TasksApp\TasksApp.csproj", "{CF0FAB1B-4522-4186-A9F7-A95B93E9F1F8}"
EndProject
Global
	GlobalSection(SolutionConfigurationPlatforms) = preSolution
		Debug|Any CPU = Debug|Any CPU
		Release|Any CPU = Release|Any CPU
	EndGlobalSection
	GlobalSection(ProjectConfigurationPlatforms) = postSolution
		{CF0FAB1B-4522-4186-A9F7-A95B93E9F1F8}.Debug|Any CPU.ActiveCfg = Release|Any CPU
		{CF0FAB1B-4522-4186-A9F7-A95B93E9F1F8}.Debug|Any CPU.Build.0 = Release|Any CPU
		{CF0FAB1B-4522-4186-A9F7-A95B93E9F1F8}.Debug|Any CPU.Deploy.0 = Release|Any CPU
		{CF0FAB1B-4522-4186-A9F7-A95B93E9F1F8}.Release|Any CPU.ActiveCfg = Release|Any CPU
		{CF0FAB1B-4522-4186-A9F7-A95B93E9F1F8}.Release|Any CPU.Build.0 = Release|Any CPU
		{CF0FAB1B-4522-4186-A9F7-A95B93E9F1F8}.Release|Any CPU.Deploy.0 = Release|Any CPU
	EndGlobalSection
	GlobalSection(SolutionProperties) = preSolution
		HideSolutionNode = FALSE
	EndGlobalSection
	GlobalSection(ExtensibilityGlobals) = postSolution
		SolutionGuid = {8C8956FD-7054-4071-BC61-506C604EAA77}
	EndGlobalSection
EndGlobal
